
Microsoft Visual Studio Solution File, Format Version 12.00
# Visual Studio 2017
Project("{FAE04EC0-301F-11D3-BF4B-00C04F79EFBC}") = "OculusDrift.Plugins", "OculusDrift.Plugins.csproj", "{F00625AE-27FD-44F9-F46B-0CD87F505AF1}"
EndProject
Project("{FAE04EC0-301F-11D3-BF4B-00C04F79EFBC}") = "OculusDrift", "OculusDrift.csproj", "{9D19F8C5-142C-B61E-1612-7D8F5177D209}"
EndProject
Project("{FAE04EC0-301F-11D3-BF4B-00C04F79EFBC}") = "OculusDrift.Editor.Plugins", "OculusDrift.Editor.Plugins.csproj", "{26201C16-7D9E-77C5-531A-78B44C0DEEA2}"
EndProject
Project("{FAE04EC0-301F-11D3-BF4B-00C04F79EFBC}") = "OculusDrift.Editor", "OculusDrift.Editor.csproj", "{A98410D1-63C8-619C-DFE8-53970019FB77}"
EndProject
Global
	GlobalSection(SolutionConfigurationPlatforms) = preSolution
		Debug|Any CPU = Debug|Any CPU
		Release|Any CPU = Release|Any CPU
	EndGlobalSection
	GlobalSection(ProjectConfigurationPlatforms) = postSolution
		{F00625AE-27FD-44F9-F46B-0CD87F505AF1}.Debug|Any CPU.ActiveCfg = Debug|Any CPU
		{F00625AE-27FD-44F9-F46B-0CD87F505AF1}.Debug|Any CPU.Build.0 = Debug|Any CPU
		{F00625AE-27FD-44F9-F46B-0CD87F505AF1}.Release|Any CPU.ActiveCfg = Release|Any CPU
		{F00625AE-27FD-44F9-F46B-0CD87F505AF1}.Release|Any CPU.Build.0 = Release|Any CPU
		{9D19F8C5-142C-B61E-1612-7D8F5177D209}.Debug|Any CPU.ActiveCfg = Debug|Any CPU
		{9D19F8C5-142C-B61E-1612-7D8F5177D209}.Debug|Any CPU.Build.0 = Debug|Any CPU
		{9D19F8C5-142C-B61E-1612-7D8F5177D209}.Release|Any CPU.ActiveCfg = Release|Any CPU
		{9D19F8C5-142C-B61E-1612-7D8F5177D209}.Release|Any CPU.Build.0 = Release|Any CPU
		{26201C16-7D9E-77C5-531A-78B44C0DEEA2}.Debug|Any CPU.ActiveCfg = Debug|Any CPU
		{26201C16-7D9E-77C5-531A-78B44C0DEEA2}.Debug|Any CPU.Build.0 = Debug|Any CPU
		{26201C16-7D9E-77C5-531A-78B44C0DEEA2}.Release|Any CPU.ActiveCfg = Release|Any CPU
		{26201C16-7D9E-77C5-531A-78B44C0DEEA2}.Release|Any CPU.Build.0 = Release|Any CPU
		{A98410D1-63C8-619C-DFE8-53970019FB77}.Debug|Any CPU.ActiveCfg = Debug|Any CPU
		{A98410D1-63C8-619C-DFE8-53970019FB77}.Debug|Any CPU.Build.0 = Debug|Any CPU
		{A98410D1-63C8-619C-DFE8-53970019FB77}.Release|Any CPU.ActiveCfg = Release|Any CPU
		{A98410D1-63C8-619C-DFE8-53970019FB77}.Release|Any CPU.Build.0 = Release|Any CPU
	EndGlobalSection
	GlobalSection(SolutionProperties) = preSolution
		HideSolutionNode = FALSE
	EndGlobalSection
EndGlobal
